
Microsoft Visual Studio Solution File, Format Version 12.00
Project("{FAE04EC0-301F-11D3-BF4B-00C04F79EFBC}") = "SukeFlow.Core", "SukeFlow.Core\SukeFlow.Core.csproj", "{0ED28D79-E104-4C66-8FA7-274F15CF96DD}"
EndProject
Project("{FAE04EC0-301F-11D3-BF4B-00C04F79EFBC}") = "SukeFlow.Desktop", "SukeFlow.Desktop\SukeFlow.Desktop.csproj", "{B929AC26-BB54-4DDE-AF4B-7C65EC31A17A}"
EndProject
Project("{FAE04EC0-301F-11D3-BF4B-00C04F79EFBC}") = "SukeFlow.Android", "SukeFlow.Android\SukeFlow.Android.csproj", "{6B828934-72D8-4556-8CA5-C6C5D7E6489A}"
EndProject
Project("{FAE04EC0-301F-11D3-BF4B-00C04F79EFBC}") = "SukeFlow.Browser", "SukeFlow.Browser\SukeFlow.Browser.csproj", "{4699C099-4EF9-4632-A96D-CC465FD49496}"
EndProject
Global
	GlobalSection(SolutionConfigurationPlatforms) = preSolution
		Debug|Any CPU = Debug|Any CPU
		Debug|x64 = Debug|x64
		Debug|x86 = Debug|x86
		Release|Any CPU = Release|Any CPU
		Release|x64 = Release|x64
		Release|x86 = Release|x86
	EndGlobalSection
	GlobalSection(ProjectConfigurationPlatforms) = postSolution
		{0ED28D79-E104-4C66-8FA7-274F15CF96DD}.Debug|Any CPU.ActiveCfg = Debug|Any CPU
		{0ED28D79-E104-4C66-8FA7-274F15CF96DD}.Debug|Any CPU.Build.0 = Debug|Any CPU
		{0ED28D79-E104-4C66-8FA7-274F15CF96DD}.Debug|x64.ActiveCfg = Debug|Any CPU
		{0ED28D79-E104-4C66-8FA7-274F15CF96DD}.Debug|x64.Build.0 = Debug|Any CPU
		{0ED28D79-E104-4C66-8FA7-274F15CF96DD}.Debug|x86.ActiveCfg = Debug|Any CPU
		{0ED28D79-E104-4C66-8FA7-274F15CF96DD}.Debug|x86.Build.0 = Debug|Any CPU
		{0ED28D79-E104-4C66-8FA7-274F15CF96DD}.Release|Any CPU.ActiveCfg = Release|Any CPU
		{0ED28D79-E104-4C66-8FA7-274F15CF96DD}.Release|Any CPU.Build.0 = Release|Any CPU
		{0ED28D79-E104-4C66-8FA7-274F15CF96DD}.Release|x64.ActiveCfg = Release|Any CPU
		{0ED28D79-E104-4C66-8FA7-274F15CF96DD}.Release|x64.Build.0 = Release|Any CPU
		{0ED28D79-E104-4C66-8FA7-274F15CF96DD}.Release|x86.ActiveCfg = Release|Any CPU
		{0ED28D79-E104-4C66-8FA7-274F15CF96DD}.Release|x86.Build.0 = Release|Any CPU
		{B929AC26-BB54-4DDE-AF4B-7C65EC31A17A}.Debug|Any CPU.ActiveCfg = Debug|Any CPU
		{B929AC26-BB54-4DDE-AF4B-7C65EC31A17A}.Debug|Any CPU.Build.0 = Debug|Any CPU
		{B929AC26-BB54-4DDE-AF4B-7C65EC31A17A}.Debug|x64.ActiveCfg = Debug|Any CPU
		{B929AC26-BB54-4DDE-AF4B-7C65EC31A17A}.Debug|x64.Build.0 = Debug|Any CPU
		{B929AC26-BB54-4DDE-AF4B-7C65EC31A17A}.Debug|x86.ActiveCfg = Debug|Any CPU
		{B929AC26-BB54-4DDE-AF4B-7C65EC31A17A}.Debug|x86.Build.0 = Debug|Any CPU
		{B929AC26-BB54-4DDE-AF4B-7C65EC31A17A}.Release|Any CPU.ActiveCfg = Release|Any CPU
		{B929AC26-BB54-4DDE-AF4B-7C65EC31A17A}.Release|Any CPU.Build.0 = Release|Any CPU
		{B929AC26-BB54-4DDE-AF4B-7C65EC31A17A}.Release|x64.ActiveCfg = Release|Any CPU
		{B929AC26-BB54-4DDE-AF4B-7C65EC31A17A}.Release|x64.Build.0 = Release|Any CPU
		{B929AC26-BB54-4DDE-AF4B-7C65EC31A17A}.Release|x86.ActiveCfg = Release|Any CPU
		{B929AC26-BB54-4DDE-AF4B-7C65EC31A17A}.Release|x86.Build.0 = Release|Any CPU
		{6B828934-72D8-4556-8CA5-C6C5D7E6489A}.Debug|Any CPU.ActiveCfg = Debug|Any CPU
		{6B828934-72D8-4556-8CA5-C6C5D7E6489A}.Debug|Any CPU.Build.0 = Debug|Any CPU
		{6B828934-72D8-4556-8CA5-C6C5D7E6489A}.Debug|x64.ActiveCfg = Debug|Any CPU
		{6B828934-72D8-4556-8CA5-C6C5D7E6489A}.Debug|x64.Build.0 = Debug|Any CPU
		{6B828934-72D8-4556-8CA5-C6C5D7E6489A}.Debug|x86.ActiveCfg = Debug|Any CPU
		{6B828934-72D8-4556-8CA5-C6C5D7E6489A}.Debug|x86.Build.0 = Debug|Any CPU
		{6B828934-72D8-4556-8CA5-C6C5D7E6489A}.Release|Any CPU.ActiveCfg = Release|Any CPU
		{6B828934-72D8-4556-8CA5-C6C5D7E6489A}.Release|Any CPU.Build.0 = Release|Any CPU
		{6B828934-72D8-4556-8CA5-C6C5D7E6489A}.Release|x64.ActiveCfg = Release|Any CPU
		{6B828934-72D8-4556-8CA5-C6C5D7E6489A}.Release|x64.Build.0 = Release|Any CPU
		{6B828934-72D8-4556-8CA5-C6C5D7E6489A}.Release|x86.ActiveCfg = Release|Any CPU
		{6B828934-72D8-4556-8CA5-C6C5D7E6489A}.Release|x86.Build.0 = Release|Any CPU
		{4699C099-4EF9-4632-A96D-CC465FD49496}.Debug|Any CPU.ActiveCfg = Debug|Any CPU
		{4699C099-4EF9-4632-A96D-CC465FD49496}.Debug|Any CPU.Build.0 = Debug|Any CPU
		{4699C099-4EF9-4632-A96D-CC465FD49496}.Debug|x64.ActiveCfg = Debug|Any CPU
		{4699C099-4EF9-4632-A96D-CC465FD49496}.Debug|x64.Build.0 = Debug|Any CPU
		{4699C099-4EF9-4632-A96D-CC465FD49496}.Debug|x86.ActiveCfg = Debug|Any CPU
		{4699C099-4EF9-4632-A96D-CC465FD49496}.Debug|x86.Build.0 = Debug|Any CPU
		{4699C099-4EF9-4632-A96D-CC465FD49496}.Release|Any CPU.ActiveCfg = Release|Any CPU
		{4699C099-4EF9-4632-A96D-CC465FD49496}.Release|Any CPU.Build.0 = Release|Any CPU
		{4699C099-4EF9-4632-A96D-CC465FD49496}.Release|x64.ActiveCfg = Release|Any CPU
		{4699C099-4EF9-4632-A96D-CC465FD49496}.Release|x64.Build.0 = Release|Any CPU
		{4699C099-4EF9-4632-A96D-CC465FD49496}.Release|x86.ActiveCfg = Release|Any CPU
		{4699C099-4EF9-4632-A96D-CC465FD49496}.Release|x86.Build.0 = Release|Any CPU
	EndGlobalSection
	GlobalSection(SolutionProperties) = preSolution
		HideSolutionNode = FALSE
	EndGlobalSection
EndGlobal
